Microsoft Visual Studio Solution File, Format Version 12.00
# Visual Studio Version 17
VisualStudioVersion = 17.5.2.0
MinimumVisualStudioVersion = 10.0.40219.1
Project("{FAE04EC0-301F-11D3-BF4B-00C04F79EFBC}") = "billingSystem", "billingSystem.csproj", "{25C83410-581A-4373-2B11-BCE12ADB8F4B}"
EndProject
Global
	GlobalSection(SolutionConfigurationPlatforms) = preSolution
		Debug|Any CPU = Debug|Any CPU
		Release|Any CPU = Release|Any CPU
	EndGlobalSection
	GlobalSection(ProjectConfigurationPlatforms) = postSolution
		{25C83410-581A-4373-2B11-BCE12ADB8F4B}.Debug|Any CPU.ActiveCfg = Debug|Any CPU
		{25C83410-581A-4373-2B11-BCE12ADB8F4B}.Debug|Any CPU.Build.0 = Debug|Any CPU
		{25C83410-581A-4373-2B11-BCE12ADB8F4B}.Release|Any CPU.ActiveCfg = Release|Any CPU
		{25C83410-581A-4373-2B11-BCE12ADB8F4B}.Release|Any CPU.Build.0 = Release|Any CPU
	EndGlobalSection
	GlobalSection(SolutionProperties) = preSolution
		HideSolutionNode = FALSE
	EndGlobalSection
	GlobalSection(ExtensibilityGlobals) = postSolution
		SolutionGuid = {EA819C36-7C7B-4680-B0E9-32BCE04E176D}
	EndGlobalSection
EndGlobal
